
Microsoft Visual Studio Solution File, Format Version 12.00
# Visual Studio Version 17
VisualStudioVersion = 17.9.34728.123
MinimumVisualStudioVersion = 10.0.40219.1
Project("{9A19103F-16F7-4668-BE54-9A1E7A4F7556}") = "BaseProject", "BaseProject\BaseProject.csproj", "{FEC4C42A-DAA0-4183-B7FD-D13FC30AF00F}"
EndProject
Project("{9A19103F-16F7-4668-BE54-9A1E7A4F7556}") = "WebApp.Strategy", "WebApp.Strategy\WebApp.Strategy.csproj", "{DFAF8C56-F39B-4200-A9AF-1CB00D89AA14}"
EndProject
Project("{9A19103F-16F7-4668-BE54-9A1E7A4F7556}") = "WebApp.Template", "WebApp.Template\WebApp.Template.csproj", "{A9F1576D-BBEE-401B-9DF5-8DDB21146CDD}"
EndProject
Global
	GlobalSection(SolutionConfigurationPlatforms) = preSolution
		Debug|Any CPU = Debug|Any CPU
		Release|Any CPU = Release|Any CPU
	EndGlobalSection
	GlobalSection(ProjectConfigurationPlatforms) = postSolution
		{FEC4C42A-DAA0-4183-B7FD-D13FC30AF00F}.Debug|Any CPU.ActiveCfg = Debug|Any CPU
		{FEC4C42A-DAA0-4183-B7FD-D13FC30AF00F}.Debug|Any CPU.Build.0 = Debug|Any CPU
		{FEC4C42A-DAA0-4183-B7FD-D13FC30AF00F}.Release|Any CPU.ActiveCfg = Release|Any CPU
		{FEC4C42A-DAA0-4183-B7FD-D13FC30AF00F}.Release|Any CPU.Build.0 = Release|Any CPU
		{DFAF8C56-F39B-4200-A9AF-1CB00D89AA14}.Debug|Any CPU.ActiveCfg = Debug|Any CPU
		{DFAF8C56-F39B-4200-A9AF-1CB00D89AA14}.Debug|Any CPU.Build.0 = Debug|Any CPU
		{DFAF8C56-F39B-4200-A9AF-1CB00D89AA14}.Release|Any CPU.ActiveCfg = Release|Any CPU
		{DFAF8C56-F39B-4200-A9AF-1CB00D89AA14}.Release|Any CPU.Build.0 = Release|Any CPU
		{A9F1576D-BBEE-401B-9DF5-8DDB21146CDD}.Debug|Any CPU.ActiveCfg = Debug|Any CPU
		{A9F1576D-BBEE-401B-9DF5-8DDB21146CDD}.Debug|Any CPU.Build.0 = Debug|Any CPU
		{A9F1576D-BBEE-401B-9DF5-8DDB21146CDD}.Release|Any CPU.ActiveCfg = Release|Any CPU
		{A9F1576D-BBEE-401B-9DF5-8DDB21146CDD}.Release|Any CPU.Build.0 = Release|Any CPU
	EndGlobalSection
	GlobalSection(SolutionProperties) = preSolution
		HideSolutionNode = FALSE
	EndGlobalSection
	GlobalSection(ExtensibilityGlobals) = postSolution
		SolutionGuid = {50416EB5-DC9F-4A54-9411-F0A86C9AB2D6}
	EndGlobalSection
EndGlobal
