
Microsoft Visual Studio Solution File, Format Version 12.00
# Visual Studio Version 17
VisualStudioVersion = 17.9.34728.123
MinimumVisualStudioVersion = 10.0.40219.1
Project("{9A19103F-16F7-4668-BE54-9A1E7A4F7556}") = "WebApp.Strategy", "WebApp.Strategy\WebApp.Strategy.csproj", "{218C49DE-5EA4-4622-B66C-2497842D8807}"
EndProject
Project("{9A19103F-16F7-4668-BE54-9A1E7A4F7556}") = "BaseProject", "BaseProject\BaseProject.csproj", "{131DFE0E-2252-4618-8FE0-ED5827F96922}"
EndProject
Global
	GlobalSection(SolutionConfigurationPlatforms) = preSolution
		Debug|Any CPU = Debug|Any CPU
		Release|Any CPU = Release|Any CPU
	EndGlobalSection
	GlobalSection(ProjectConfigurationPlatforms) = postSolution
		{218C49DE-5EA4-4622-B66C-2497842D8807}.Debug|Any CPU.ActiveCfg = Debug|Any CPU
		{218C49DE-5EA4-4622-B66C-2497842D8807}.Debug|Any CPU.Build.0 = Debug|Any CPU
		{218C49DE-5EA4-4622-B66C-2497842D8807}.Release|Any CPU.ActiveCfg = Release|Any CPU
		{218C49DE-5EA4-4622-B66C-2497842D8807}.Release|Any CPU.Build.0 = Release|Any CPU
		{131DFE0E-2252-4618-8FE0-ED5827F96922}.Debug|Any CPU.ActiveCfg = Debug|Any CPU
		{131DFE0E-2252-4618-8FE0-ED5827F96922}.Debug|Any CPU.Build.0 = Debug|Any CPU
		{131DFE0E-2252-4618-8FE0-ED5827F96922}.Release|Any CPU.ActiveCfg = Release|Any CPU
		{131DFE0E-2252-4618-8FE0-ED5827F96922}.Release|Any CPU.Build.0 = Release|Any CPU
	EndGlobalSection
	GlobalSection(SolutionProperties) = preSolution
		HideSolutionNode = FALSE
	EndGlobalSection
	GlobalSection(ExtensibilityGlobals) = postSolution
		SolutionGuid = {A90E17A5-87F3-4734-8E8B-9E0DE9EEE429}
	EndGlobalSection
EndGlobal
